// !$*UTF8*$!
{
	archiveVersion = 1;
	classes = {
	};
	objectVersion = 55;
	objects = {

/* Begin PBXBuildFile section */
		907909622846CA9B00C94546 /* AppDelegate.swift in Sources */ = {isa = PBXBuildFile; fileRef = 907909612846CA9B00C94546 /* AppDelegate.swift */; };
		907909642846CA9B00C94546 /* SceneDelegate.swift in Sources */ = {isa = PBXBuildFile; fileRef = 907909632846CA9B00C94546 /* SceneDelegate.swift */; };
		907909662846CA9B00C94546 /* ViewController.swift in Sources */ = {isa = PBXBuildFile; fileRef = 907909652846CA9B00C94546 /* ViewController.swift */; };
		907909692846CA9B00C94546 /* Main.storyboard in Resources */ = {isa = PBXBuildFile; fileRef = 907909672846CA9B00C94546 /* Main.storyboard */; };
		9079096B2846CAA200C94546 /* Assets.xcassets in Resources */ = {isa = PBXBuildFile; fileRef = 9079096A2846CAA200C94546 /* Assets.xcassets */; };
		9079096E2846CAA200C94546 /* LaunchScreen.storyboard in Resources */ = {isa = PBXBuildFile; fileRef = 9079096C2846CAA200C94546 /* LaunchScreen.storyboard */; };
		907909762846DF1600C94546 /* Business.swift in Sources */ = {isa = PBXBuildFile; fileRef = 907909752846DF1600C94546 /* Business.swift */; };
		907909782846E17A00C94546 /* BusinessTableViewCell.swift in Sources */ = {isa = PBXBuildFile; fileRef = 907909772846E17A00C94546 /* BusinessTableViewCell.swift */; };
		9079097A2846F9E900C94546 /* DetailViewController.swift in Sources */ = {isa = PBXBuildFile; fileRef = 907909792846F9E900C94546 /* DetailViewController.swift */; };
		9079097C2847EFF700C94546 /* CustomPin.swift in Sources */ = {isa = PBXBuildFile; fileRef = 9079097B2847EFF700C94546 /* CustomPin.swift */; };
		9079097E2847F1D900C94546 /* Vehicles.swift in Sources */ = {isa = PBXBuildFile; fileRef = 9079097D2847F1D900C94546 /* Vehicles.swift */; };
		90790980284818B600C94546 /* ContactViewController.swift in Sources */ = {isa = PBXBuildFile; fileRef = 9079097F284818B600C94546 /* ContactViewController.swift */; };
		907909822848195000C94546 /* ContactDetailViewController.swift in Sources */ = {isa = PBXBuildFile; fileRef = 907909812848195000C94546 /* ContactDetailViewController.swift */; };
/* End PBXBuildFile section */

/* Begin PBXFileReference section */
		9079095E2846CA9B00C94546 /* IvanZrvnarBusinessDirectoryApp.app */ = {isa = PBXFileReference; explicitFileType = wrapper.application; includeInIndex = 0; path = IvanZrvnarBusinessDirectoryApp.app; sourceTree = BUILT_PRODUCTS_DIR; };
		907909612846CA9B00C94546 /* AppDelegate.swift */ = {isa = PBXFileReference; lastKnownFileType = sourcecode.swift; path = AppDelegate.swift; sourceTree = "<group>"; };
		907909632846CA9B00C94546 /* SceneDelegate.swift */ = {isa = PBXFileReference; lastKnownFileType = sourcecode.swift; path = SceneDelegate.swift; sourceTree = "<group>"; };
		907909652846CA9B00C94546 /* ViewController.swift */ = {isa = PBXFileReference; lastKnownFileType = sourcecode.swift; path = ViewController.swift; sourceTree = "<group>"; };
		907909682846CA9B00C94546 /* Base */ = {isa = PBXFileReference; lastKnownFileType = file.storyboard; name = Base; path = Base.lproj/Main.storyboard; sourceTree = "<group>"; };
		9079096A2846CAA200C94546 /* Assets.xcassets */ = {isa = PBXFileReference; lastKnownFileType = folder.assetcatalog; path = Assets.xcassets; sourceTree = "<group>"; };
		9079096D2846CAA200C94546 /* Base */ = {isa = PBXFileReference; lastKnownFileType = file.storyboard; name = Base; path = Base.lproj/LaunchScreen.storyboard; sourceTree = "<group>"; };
		9079096F2846CAA200C94546 /* Info.plist */ = {isa = PBXFileReference; lastKnownFileType = text.plist.xml; path = Info.plist; sourceTree = "<group>"; };
		907909752846DF1600C94546 /* Business.swift */ = {isa = PBXFileReference; lastKnownFileType = sourcecode.swift; path = Business.swift; sourceTree = "<group>"; };
		907909772846E17A00C94546 /* BusinessTableViewCell.swift */ = {isa = PBXFileReference; lastKnownFileType = sourcecode.swift; path = BusinessTableViewCell.swift; sourceTree = "<group>"; };
		907909792846F9E900C94546 /* DetailViewController.swift */ = {isa = PBXFileReference; lastKnownFileType = sourcecode.swift; path = DetailViewController.swift; sourceTree = "<group>"; };
		9079097B2847EFF700C94546 /* CustomPin.swift */ = {isa = PBXFileReference; lastKnownFileType = sourcecode.swift; path = CustomPin.swift; sourceTree = "<group>"; };
		9079097D2847F1D900C94546 /* Vehicles.swift */ = {isa = PBXFileReference; lastKnownFileType = sourcecode.swift; path = Vehicles.swift; sourceTree = "<group>"; };
		9079097F284818B600C94546 /* ContactViewController.swift */ = {isa = PBXFileReference; lastKnownFileType = sourcecode.swift; path = ContactViewController.swift; sourceTree = "<group>"; };
		907909812848195000C94546 /* ContactDetailViewController.swift */ = {isa = PBXFileReference; lastKnownFileType = sourcecode.swift; path = ContactDetailViewController.swift; sourceTree = "<group>"; };
/* End PBXFileReference section */

/* Begin PBXFrameworksBuildPhase section */
		9079095B2846CA9B00C94546 /* Frameworks */ = {
			isa = PBXFrameworksBuildPhase;
			buildActionMask = 2147483647;
			files = (
			);
			runOnlyForDeploymentPostprocessing = 0;
		};
/* End PBXFrameworksBuildPhase section */

/* Begin PBXGroup section */
		907909552846CA9B00C94546 = {
			isa = PBXGroup;
			children = (
				907909602846CA9B00C94546 /* IvanZrvnarBusinessDirectoryApp */,
				9079095F2846CA9B00C94546 /* Products */,
			);
			sourceTree = "<group>";
		};
		9079095F2846CA9B00C94546 /* Products */ = {
			isa = PBXGroup;
			children = (
				9079095E2846CA9B00C94546 /* IvanZrvnarBusinessDirectoryApp.app */,
			);
			name = Products;
			sourceTree = "<group>";
		};
		907909602846CA9B00C94546 /* IvanZrvnarBusinessDirectoryApp */ = {
			isa = PBXGroup;
			children = (
				9079098728481B4C00C94546 /* Tableview Cells */,
				9079098628481B3700C94546 /* Storyboards */,
				9079098528481B1800C94546 /* Delegates */,
				9079098428481B0100C94546 /* Models */,
				9079098328481AD400C94546 /* ViewControllers */,
				9079096A2846CAA200C94546 /* Assets.xcassets */,
				9079096F2846CAA200C94546 /* Info.plist */,
			);
			path = IvanZrvnarBusinessDirectoryApp;
			sourceTree = "<group>";
		};
		9079098328481AD400C94546 /* ViewControllers */ = {
			isa = PBXGroup;
			children = (
				907909812848195000C94546 /* ContactDetailViewController.swift */,
				907909792846F9E900C94546 /* DetailViewController.swift */,
				9079097F284818B600C94546 /* ContactViewController.swift */,
				907909652846CA9B00C94546 /* ViewController.swift */,
			);
			path = ViewControllers;
			sourceTree = "<group>";
		};
		9079098428481B0100C94546 /* Models */ = {
			isa = PBXGroup;
			children = (
				9079097B2847EFF700C94546 /* CustomPin.swift */,
				907909752846DF1600C94546 /* Business.swift */,
				9079097D2847F1D900C94546 /* Vehicles.swift */,
			);
			path = Models;
			sourceTree = "<group>";
		};
		9079098528481B1800C94546 /* Delegates */ = {
			isa = PBXGroup;
			children = (
				907909612846CA9B00C94546 /* AppDelegate.swift */,
				907909632846CA9B00C94546 /* SceneDelegate.swift */,
			);
			path = Delegates;
			sourceTree = "<group>";
		};
		9079098628481B3700C94546 /* Storyboards */ = {
			isa = PBXGroup;
			children = (
				907909672846CA9B00C94546 /* Main.storyboard */,
				9079096C2846CAA200C94546 /* LaunchScreen.storyboard */,
			);
			path = Storyboards;
			sourceTree = "<group>";
		};
		9079098728481B4C00C94546 /* Tableview Cells */ = {
			isa = PBXGroup;
			children = (
				907909772846E17A00C94546 /* BusinessTableViewCell.swift */,
			);
			path = "Tableview Cells";
			sourceTree = "<group>";
		};
/* End PBXGroup section */

/* Begin PBXNativeTarget section */
		9079095D2846CA9B00C94546 /* IvanZrvnarBusinessDirectoryApp */ = {
			isa = PBXNativeTarget;
			buildConfigurationList = 907909722846CAA200C94546 /* Build configuration list for PBXNativeTarget "IvanZrvnarBusinessDirectoryApp" */;
			buildPhases = (
				9079095A2846CA9B00C94546 /* Sources */,
				9079095B2846CA9B00C94546 /* Frameworks */,
				9079095C2846CA9B00C94546 /* Resources */,
			);
			buildRules = (
			);
			dependencies = (
			);
			name = IvanZrvnarBusinessDirectoryApp;
			productName = IvanZrvnarBusinessDirectoryApp;
			productReference = 9079095E2846CA9B00C94546 /* IvanZrvnarBusinessDirectoryApp.app */;
			productType = "com.apple.product-type.application";
		};
/* End PBXNativeTarget section */

/* Begin PBXProject section */
		907909562846CA9B00C94546 /* Project object */ = {
			isa = PBXProject;
			attributes = {
				BuildIndependentTargetsInParallel = 1;
				LastSwiftUpdateCheck = 1340;
				LastUpgradeCheck = 1340;
				TargetAttributes = {
					9079095D2846CA9B00C94546 = {
						CreatedOnToolsVersion = 13.4;
					};
				};
			};
			buildConfigurationList = 907909592846CA9B00C94546 /* Build configuration list for PBXProject "IvanZrvnarBusinessDirectoryApp" */;
			compatibilityVersion = "Xcode 13.0";
			developmentRegion = en;
			hasScannedForEncodings = 0;
			knownRegions = (
				en,
				Base,
			);
			mainGroup = 907909552846CA9B00C94546;
			productRefGroup = 9079095F2846CA9B00C94546 /* Products */;
			projectDirPath = "";
			projectRoot = "";
			targets = (
				9079095D2846CA9B00C94546 /* IvanZrvnarBusinessDirectoryApp */,
			);
		};
/* End PBXProject section */

/* Begin PBXResourcesBuildPhase section */
		9079095C2846CA9B00C94546 /* Resources */ = {
			isa = PBXResourcesBuildPhase;
			buildActionMask = 2147483647;
			files = (
				9079096E2846CAA200C94546 /* LaunchScreen.storyboard in Resources */,
				9079096B2846CAA200C94546 /* Assets.xcassets in Resources */,
				907909692846CA9B00C94546 /* Main.storyboard in Resources */,
			);
			runOnlyForDeploymentPostprocessing = 0;
		};
/* End PBXResourcesBuildPhase section */

/* Begin PBXSourcesBuildPhase section */
		9079095A2846CA9B00C94546 /* Sources */ = {
			isa = PBXSourcesBuildPhase;
			buildActionMask = 2147483647;
			files = (
				907909782846E17A00C94546 /* BusinessTableViewCell.swift in Sources */,
				9079097C2847EFF700C94546 /* CustomPin.swift in Sources */,
				907909662846CA9B00C94546 /* ViewController.swift in Sources */,
				907909762846DF1600C94546 /* Business.swift in Sources */,
				9079097E2847F1D900C94546 /* Vehicles.swift in Sources */,
				90790980284818B600C94546 /* ContactViewController.swift in Sources */,
				907909822848195000C94546 /* ContactDetailViewController.swift in Sources */,
				9079097A2846F9E900C94546 /* DetailViewController.swift in Sources */,
				907909622846CA9B00C94546 /* AppDelegate.swift in Sources */,
				907909642846CA9B00C94546 /* SceneDelegate.swift in Sources */,
			);
			runOnlyForDeploymentPostprocessing = 0;
		};
/* End PBXSourcesBuildPhase section */

/* Begin PBXVariantGroup section */
		907909672846CA9B00C94546 /* Main.storyboard */ = {
			isa = PBXVariantGroup;
			children = (
				907909682846CA9B00C94546 /* Base */,
			);
			name = Main.storyboard;
			sourceTree = "<group>";
		};
		9079096C2846CAA200C94546 /* LaunchScreen.storyboard */ = {
			isa = PBXVariantGroup;
			children = (
				9079096D2846CAA200C94546 /* Base */,
			);
			name = LaunchScreen.storyboard;
			sourceTree = "<group>";
		};
/* End PBXVariantGroup section */

/* Begin XCBuildConfiguration section */
		907909702846CAA200C94546 /* Debug */ = {
			isa = XCBuildConfiguration;
			buildSettings = {
				ALWAYS_SEARCH_USER_PATHS = NO;
				CLANG_ANALYZER_NONNULL = YES;
				CLANG_ANALYZER_NUMBER_OBJECT_CONVERSION = YES_AGGRESSIVE;
				CLANG_CXX_LANGUAGE_STANDARD = "gnu++17";
				CLANG_ENABLE_MODULES = YES;
				CLANG_ENABLE_OBJC_ARC = YES;
				CLANG_ENABLE_OBJC_WEAK = YES;
				CLANG_WARN_BLOCK_CAPTURE_AUTORELEASING = YES;
				CLANG_WARN_BOOL_CONVERSION = YES;
				CLANG_WARN_COMMA = YES;
				CLANG_WARN_CONSTANT_CONVERSION = YES;
				CLANG_WARN_DEPRECATED_OBJC_IMPLEMENTATIONS = YES;
				CLANG_WARN_DIRECT_OBJC_ISA_USAGE = YES_ERROR;
				CLANG_WARN_DOCUMENTATION_COMMENTS = YES;
				CLANG_WARN_EMPTY_BODY = YES;
				CLANG_WARN_ENUM_CONVERSION = YES;
				CLANG_WARN_INFINITE_RECURSION = YES;
				CLANG_WARN_INT_CONVERSION = YES;
				CLANG_WARN_NON_LITERAL_NULL_CONVERSION = YES;
				CLANG_WARN_OBJC_IMPLICIT_RETAIN_SELF = YES;
				CLANG_WARN_OBJC_LITERAL_CONVERSION = YES;
				CLANG_WARN_OBJC_ROOT_CLASS = YES_ERROR;
				CLANG_WARN_QUOTED_INCLUDE_IN_FRAMEWORK_HEADER = YES;
				CLANG_WARN_RANGE_LOOP_ANALYSIS = YES;
				CLANG_WARN_STRICT_PROTOTYPES = YES;
				CLANG_WARN_SUSPICIOUS_MOVE = YES;
				CLANG_WARN_UNGUARDED_AVAILABILITY = YES_AGGRESSIVE;
				CLANG_WARN_UNREACHABLE_CODE = YES;
				CLANG_WARN__DUPLICATE_METHOD_MATCH = YES;
				COPY_PHASE_STRIP = NO;
				DEBUG_INFORMATION_FORMAT = dwarf;
				ENABLE_STRICT_OBJC_MSGSEND = YES;
				ENABLE_TESTABILITY = YES;
				GCC_C_LANGUAGE_STANDARD = gnu11;
				GCC_DYNAMIC_NO_PIC = NO;
				GCC_NO_COMMON_BLOCKS = YES;
				GCC_OPTIMIZATION_LEVEL = 0;
				GCC_PREPROCESSOR_DEFINITIONS = (
					"DEBUG=1",
					"$(inherited)",
				);
				GCC_WARN_64_TO_32_BIT_CONVERSION = YES;
				GCC_WARN_ABOUT_RETURN_TYPE = YES_ERROR;
				GCC_WARN_UNDECLARED_SELECTOR = YES;
				GCC_WARN_UNINITIALIZED_AUTOS = YES_AGGRESSIVE;
				GCC_WARN_UNUSED_FUNCTION = YES;
				GCC_WARN_UNUSED_VARIABLE = YES;
				IPHONEOS_DEPLOYMENT_TARGET = 15.5;
				MTL_ENABLE_DEBUG_INFO = INCLUDE_SOURCE;
				MTL_FAST_MATH = YES;
				ONLY_ACTIVE_ARCH = YES;
				SDKROOT = iphoneos;
				SWIFT_ACTIVE_COMPILATION_CONDITIONS = DEBUG;
				SWIFT_OPTIMIZATION_LEVEL = "-Onone";
			};
			name = Debug;
		};
		907909712846CAA200C94546 /* Release */ = {
			isa = XCBuildConfiguration;
			buildSettings = {
				ALWAYS_SEARCH_USER_PATHS = NO;
				CLANG_ANALYZER_NONNULL = YES;
				CLANG_ANALYZER_NUMBER_OBJECT_CONVERSION = YES_AGGRESSIVE;
				CLANG_CXX_LANGUAGE_STANDARD = "gnu++17";
				CLANG_ENABLE_MODULES = YES;
				CLANG_ENABLE_OBJC_ARC = YES;
				CLANG_ENABLE_OBJC_WEAK = YES;
				CLANG_WARN_BLOCK_CAPTURE_AUTORELEASING = YES;
				CLANG_WARN_BOOL_CONVERSION = YES;
				CLANG_WARN_COMMA = YES;
				CLANG_WARN_CONSTANT_CONVERSION = YES;
				CLANG_WARN_DEPRECATED_OBJC_IMPLEMENTATIONS = YES;
				CLANG_WARN_DIRECT_OBJC_ISA_USAGE = YES_ERROR;
				CLANG_WARN_DOCUMENTATION_COMMENTS = YES;
				CLANG_WARN_EMPTY_BODY = YES;
				CLANG_WARN_ENUM_CONVERSION = YES;
				CLANG_WARN_INFINITE_RECURSION = YES;
				CLANG_WARN_INT_CONVERSION = YES;
				CLANG_WARN_NON_LITERAL_NULL_CONVERSION = YES;
				CLANG_WARN_OBJC_IMPLICIT_RETAIN_SELF = YES;
				CLANG_WARN_OBJC_LITERAL_CONVERSION = YES;
				CLANG_WARN_OBJC_ROOT_CLASS = YES_ERROR;
				CLANG_WARN_QUOTED_INCLUDE_IN_FRAMEWORK_HEADER = YES;
				CLANG_WARN_RANGE_LOOP_ANALYSIS = YES;
				CLANG_WARN_STRICT_PROTOTYPES = YES;
				CLANG_WARN_SUSPICIOUS_MOVE = YES;
				CLANG_WARN_UNGUARDED_AVAILABILITY = YES_AGGRESSIVE;
				CLANG_WARN_UNREACHABLE_CODE = YES;
				CLANG_WARN__DUPLICATE_METHOD_MATCH = YES;
				COPY_PHASE_STRIP = NO;
				DEBUG_INFORMATION_FORMAT = "dwarf-with-dsym";
				ENABLE_NS_ASSERTIONS = NO;
				ENABLE_STRICT_OBJC_MSGSEND = YES;
				GCC_C_LANGUAGE_STANDARD = gnu11;
				GCC_NO_COMMON_BLOCKS = YES;
				GCC_WARN_64_TO_32_BIT_CONVERSION = YES;
				GCC_WARN_ABOUT_RETURN_TYPE = YES_ERROR;
				GCC_WARN_UNDECLARED_SELECTOR = YES;
				GCC_WARN_UNINITIALIZED_AUTOS = YES_AGGRESSIVE;
				GCC_WARN_UNUSED_FUNCTION = YES;
				GCC_WARN_UNUSED_VARIABLE = YES;
				IPHONEOS_DEPLOYMENT_TARGET = 15.5;
				MTL_ENABLE_DEBUG_INFO = NO;
				MTL_FAST_MATH = YES;
				SDKROOT = iphoneos;
				SWIFT_COMPILATION_MODE = wholemodule;
				SWIFT_OPTIMIZATION_LEVEL = "-O";
				VALIDATE_PRODUCT = YES;
			};
			name = Release;
		};
		907909732846CAA200C94546 /* Debug */ = {
			isa = XCBuildConfiguration;
			buildSettings = {
				ASSETCATALOG_COMPILER_APPICON_NAME = AppIcon;
				ASSETCATALOG_COMPILER_GLOBAL_ACCENT_COLOR_NAME = AccentColor;
				CODE_SIGN_STYLE = Automatic;
				CURRENT_PROJECT_VERSION = 1;
				GENERATE_INFOPLIST_FILE = YES;
				INFOPLIST_FILE = IvanZrvnarBusinessDirectoryApp/Info.plist;
				INFOPLIST_KEY_UIApplicationSupportsIndirectInputEvents = YES;
				INFOPLIST_KEY_UILaunchStoryboardName = LaunchScreen;
				INFOPLIST_KEY_UIMainStoryboardFile = Main;
				INFOPLIST_KEY_UISupportedInterfaceOrientations_iPad = "UIInterfaceOrientationPortrait UIInterfaceOrientationPortraitUpsideDown UIInterfaceOrientationLandscapeLeft UIInterfaceOrientationLandscapeRight";
				INFOPLIST_KEY_UISupportedInterfaceOrientations_iPhone = "UIInterfaceOrientationPortrait UIInterfaceOrientationLandscapeLeft UIInterfaceOrientationLandscapeRight";
				LD_RUNPATH_SEARCH_PATHS = (
					"$(inherited)",
					"@executable_path/Frameworks",
				);
				MARKETING_VERSION = 1.0;
				PRODUCT_BUNDLE_IDENTIFIER = MAD510.Zrvnar.Ivan.IvanZrvnarBusinessDirectoryApp;
				PRODUCT_NAME = "$(TARGET_NAME)";
				SWIFT_EMIT_LOC_STRINGS = YES;
				SWIFT_VERSION = 5.0;
				TARGETED_DEVICE_FAMILY = "1,2";
			};
			name = Debug;
		};
		907909742846CAA200C94546 /* Release */ = {
			isa = XCBuildConfiguration;
			buildSettings = {
				ASSETCATALOG_COMPILER_APPICON_NAME = AppIcon;
				ASSETCATALOG_COMPILER_GLOBAL_ACCENT_COLOR_NAME = AccentColor;
				CODE_SIGN_STYLE = Automatic;
				CURRENT_PROJECT_VERSION = 1;
				GENERATE_INFOPLIST_FILE = YES;
				INFOPLIST_FILE = IvanZrvnarBusinessDirectoryApp/Info.plist;
				INFOPLIST_KEY_UIApplicationSupportsIndirectInputEvents = YES;
				INFOPLIST_KEY_UILaunchStoryboardName = LaunchScreen;
				INFOPLIST_KEY_UIMainStoryboardFile = Main;
				INFOPLIST_KEY_UISupportedInterfaceOrientations_iPad = "UIInterfaceOrientationPortrait UIInterfaceOrientationPortraitUpsideDown UIInterfaceOrientationLandscapeLeft UIInterfaceOrientationLandscapeRight";
				INFOPLIST_KEY_UISupportedInterfaceOrientations_iPhone = "UIInterfaceOrientationPortrait UIInterfaceOrientationLandscapeLeft UIInterfaceOrientationLandscapeRight";
				LD_RUNPATH_SEARCH_PATHS = (
					"$(inherited)",
					"@executable_path/Frameworks",
				);
				MARKETING_VERSION = 1.0;
				PRODUCT_BUNDLE_IDENTIFIER = MAD510.Zrvnar.Ivan.IvanZrvnarBusinessDirectoryApp;
				PRODUCT_NAME = "$(TARGET_NAME)";
				SWIFT_EMIT_LOC_STRINGS = YES;
				SWIFT_VERSION = 5.0;
				TARGETED_DEVICE_FAMILY = "1,2";
			};
			name = Release;
		};
/* End XCBuildConfiguration section */

/* Begin XCConfigurationList section */
		907909592846CA9B00C94546 /* Build configuration list for PBXProject "IvanZrvnarBusinessDirectoryApp" */ = {
			isa = XCConfigurationList;
			buildConfigurations = (
				907909702846CAA200C94546 /* Debug */,
				907909712846CAA200C94546 /* Release */,
			);
			defaultConfigurationIsVisible = 0;
			defaultConfigurationName = Release;
		};
		907909722846CAA200C94546 /* Build configuration list for PBXNativeTarget "IvanZrvnarBusinessDirectoryApp" */ = {
			isa = XCConfigurationList;
			buildConfigurations = (
				907909732846CAA200C94546 /* Debug */,
				907909742846CAA200C94546 /* Release */,
			);
			defaultConfigurationIsVisible = 0;
			defaultConfigurationName = Release;
		};
/* End XCConfigurationList section */
	};
	rootObject = 907909562846CA9B00C94546 /* Project object */;
}
